
Microsoft Visual Studio Solution File, Format Version 12.00
# Visual Studio Version 17
VisualStudioVersion = 17.9.34902.65
MinimumVisualStudioVersion = 10.0.40219.1
Project("{FAE04EC0-301F-11D3-BF4B-00C04F79EFBC}") = "kspForumsBot", "kspForumsBot\kspForumsBot.csproj", "{4CF9B558-2BEF-4F6A-8303-B435E1D9787D}"
EndProject
Global
	GlobalSection(SolutionConfigurationPlatforms) = preSolution
		Debug|Any CPU = Debug|Any CPU
		Release|Any CPU = Release|Any CPU
	EndGlobalSection
	GlobalSection(ProjectConfigurationPlatforms) = postSolution
		{4CF9B558-2BEF-4F6A-8303-B435E1D9787D}.Debug|Any CPU.ActiveCfg = Debug|Any CPU
		{4CF9B558-2BEF-4F6A-8303-B435E1D9787D}.Debug|Any CPU.Build.0 = Debug|Any CPU
		{4CF9B558-2BEF-4F6A-8303-B435E1D9787D}.Release|Any CPU.ActiveCfg = Release|Any CPU
		{4CF9B558-2BEF-4F6A-8303-B435E1D9787D}.Release|Any CPU.Build.0 = Release|Any CPU
	EndGlobalSection
	GlobalSection(SolutionProperties) = preSolution
		HideSolutionNode = FALSE
	EndGlobalSection
	GlobalSection(ExtensibilityGlobals) = postSolution
		SolutionGuid = {34231BC3-B047-4064-86DB-32CB839950F0}
	EndGlobalSection
EndGlobal
